// !$*UTF8*$!
{
	archiveVersion = 1;
	classes = {
	};
	objectVersion = 46;
	objects = {

/* Begin PBXBuildFile section */
		1F4B7B3C15D2530B007D4BC1 /* Domainr.m in Sources */ = {isa = PBXBuildFile; fileRef = 1F4B7B3B15D2530B007D4BC1 /* Domainr.m */; };
		1FED2E7815D25A5900867676 /* SenTestingKit.framework in Frameworks */ = {isa = PBXBuildFile; fileRef = 1FED2E7715D25A5900867676 /* SenTestingKit.framework */; };
		1FED2E7A15D25A5900867676 /* Cocoa.framework in Frameworks */ = {isa = PBXBuildFile; fileRef = 1FED2E7915D25A5900867676 /* Cocoa.framework */; };
		8DD76F9A0486AA7600D96B5E /* main.m in Sources */ = {isa = PBXBuildFile; fileRef = 08FB7796FE84155DC02AAC07 /* main.m */; settings = {ATTRIBUTES = (); }; };
		8DD76F9C0486AA7600D96B5E /* Foundation.framework in Frameworks */ = {isa = PBXBuildFile; fileRef = 08FB779EFE84155DC02AAC07 /* Foundation.framework */; };
		D3FE203112129D61002A59F7 /* NSObject+SBJSON.m in Sources */ = {isa = PBXBuildFile; fileRef = D3FE202812129D61002A59F7 /* NSObject+SBJSON.m */; };
		D3FE203212129D61002A59F7 /* NSString+SBJSON.m in Sources */ = {isa = PBXBuildFile; fileRef = D3FE202A12129D61002A59F7 /* NSString+SBJSON.m */; };
		D3FE203312129D61002A59F7 /* SBJsonBase.m in Sources */ = {isa = PBXBuildFile; fileRef = D3FE202C12129D61002A59F7 /* SBJsonBase.m */; };
		D3FE203412129D61002A59F7 /* SBJsonParser.m in Sources */ = {isa = PBXBuildFile; fileRef = D3FE202E12129D61002A59F7 /* SBJsonParser.m */; };
		D3FE203512129D61002A59F7 /* SBJsonWriter.m in Sources */ = {isa = PBXBuildFile; fileRef = D3FE203012129D61002A59F7 /* SBJsonWriter.m */; };
/* End PBXBuildFile section */

/* Begin PBXCopyFilesBuildPhase section */
		8DD76F9E0486AA7600D96B5E /* CopyFiles */ = {
			isa = PBXCopyFilesBuildPhase;
			buildActionMask = 8;
			dstPath = /usr/share/man/man1/;
			dstSubfolderSpec = 0;
			files = (
			);
			runOnlyForDeploymentPostprocessing = 1;
		};
/* End PBXCopyFilesBuildPhase section */

/* Begin PBXFileReference section */
		08FB7796FE84155DC02AAC07 /* main.m */ = {isa = PBXFileReference; fileEncoding = 4; lastKnownFileType = sourcecode.c.objc; path = main.m; sourceTree = "<group>"; };
		08FB779EFE84155DC02AAC07 /* Foundation.framework */ = {isa = PBXFileReference; lastKnownFileType = wrapper.framework; name = Foundation.framework; path = /System/Library/Frameworks/Foundation.framework; sourceTree = "<absolute>"; };
		1F4B7B3A15D2530B007D4BC1 /* Domainr.h */ = {isa = PBXFileReference; fileEncoding = 4; lastKnownFileType = sourcecode.c.h; path = Domainr.h; sourceTree = "<group>"; };
		1F4B7B3B15D2530B007D4BC1 /* Domainr.m */ = {isa = PBXFileReference; fileEncoding = 4; lastKnownFileType = sourcecode.c.objc; path = Domainr.m; sourceTree = "<group>"; };
		1FED2E7515D25A5900867676 /* DomainrTests.octest */ = {isa = PBXFileReference; explicitFileType = wrapper.cfbundle; includeInIndex = 0; path = DomainrTests.octest; sourceTree = BUILT_PRODUCTS_DIR; };
		1FED2E7715D25A5900867676 /* SenTestingKit.framework */ = {isa = PBXFileReference; lastKnownFileType = wrapper.framework; name = SenTestingKit.framework; path = Library/Frameworks/SenTestingKit.framework; sourceTree = DEVELOPER_DIR; };
		1FED2E7915D25A5900867676 /* Cocoa.framework */ = {isa = PBXFileReference; lastKnownFileType = wrapper.framework; name = Cocoa.framework; path = Library/Frameworks/Cocoa.framework; sourceTree = DEVELOPER_DIR; };
		1FED2E7C15D25A5900867676 /* AppKit.framework */ = {isa = PBXFileReference; lastKnownFileType = wrapper.framework; name = AppKit.framework; path = Library/Frameworks/AppKit.framework; sourceTree = SDKROOT; };
		1FED2E7D15D25A5900867676 /* CoreData.framework */ = {isa = PBXFileReference; lastKnownFileType = wrapper.framework; name = CoreData.framework; path = Library/Frameworks/CoreData.framework; sourceTree = SDKROOT; };
		1FED2E7E15D25A5900867676 /* Foundation.framework */ = {isa = PBXFileReference; lastKnownFileType = wrapper.framework; name = Foundation.framework; path = Library/Frameworks/Foundation.framework; sourceTree = SDKROOT; };
		32A70AAB03705E1F00C91783 /* Domainr_Prefix.pch */ = {isa = PBXFileReference; fileEncoding = 4; lastKnownFileType = sourcecode.c.h; path = Domainr_Prefix.pch; sourceTree = "<group>"; };
		429A9C461213829A0076AA9A /* README */ = {isa = PBXFileReference; lastKnownFileType = text; path = README; sourceTree = "<group>"; };
		8DD76FA10486AA7600D96B5E /* Domainr */ = {isa = PBXFileReference; explicitFileType = "compiled.mach-o.executable"; includeInIndex = 0; path = Domainr; sourceTree = BUILT_PRODUCTS_DIR; };
		D3FE202612129D61002A59F7 /* JSON.h */ = {isa = PBXFileReference; fileEncoding = 4; lastKnownFileType = sourcecode.c.h; path = JSON.h; sourceTree = "<group>"; };
		D3FE202712129D61002A59F7 /* NSObject+SBJSON.h */ = {isa = PBXFileReference; fileEncoding = 4; lastKnownFileType = sourcecode.c.h; path = "NSObject+SBJSON.h"; sourceTree = "<group>"; };
		D3FE202812129D61002A59F7 /* NSObject+SBJSON.m */ = {isa = PBXFileReference; fileEncoding = 4; lastKnownFileType = sourcecode.c.objc; path = "NSObject+SBJSON.m"; sourceTree = "<group>"; };
		D3FE202912129D61002A59F7 /* NSString+SBJSON.h */ = {isa = PBXFileReference; fileEncoding = 4; lastKnownFileType = sourcecode.c.h; path = "NSString+SBJSON.h"; sourceTree = "<group>"; };
		D3FE202A12129D61002A59F7 /* NSString+SBJSON.m */ = {isa = PBXFileReference; fileEncoding = 4; lastKnownFileType = sourcecode.c.objc; path = "NSString+SBJSON.m"; sourceTree = "<group>"; };
		D3FE202B12129D61002A59F7 /* SBJsonBase.h */ = {isa = PBXFileReference; fileEncoding = 4; lastKnownFileType = sourcecode.c.h; path = SBJsonBase.h; sourceTree = "<group>"; };
		D3FE202C12129D61002A59F7 /* SBJsonBase.m */ = {isa = PBXFileReference; fileEncoding = 4; lastKnownFileType = sourcecode.c.objc; path = SBJsonBase.m; sourceTree = "<group>"; };
		D3FE202D12129D61002A59F7 /* SBJsonParser.h */ = {isa = PBXFileReference; fileEncoding = 4; lastKnownFileType = sourcecode.c.h; path = SBJsonParser.h; sourceTree = "<group>"; };
		D3FE202E12129D61002A59F7 /* SBJsonParser.m */ = {isa = PBXFileReference; fileEncoding = 4; lastKnownFileType = sourcecode.c.objc; path = SBJsonParser.m; sourceTree = "<group>"; };
		D3FE202F12129D61002A59F7 /* SBJsonWriter.h */ = {isa = PBXFileReference; fileEncoding = 4; lastKnownFileType = sourcecode.c.h; path = SBJsonWriter.h; sourceTree = "<group>"; };
		D3FE203012129D61002A59F7 /* SBJsonWriter.m */ = {isa = PBXFileReference; fileEncoding = 4; lastKnownFileType = sourcecode.c.objc; path = SBJsonWriter.m; sourceTree = "<group>"; };
/* End PBXFileReference section */

/* Begin PBXFrameworksBuildPhase section */
		1FED2E7115D25A5900867676 /* Frameworks */ = {
			isa = PBXFrameworksBuildPhase;
			buildActionMask = 2147483647;
			files = (
				1FED2E7815D25A5900867676 /* SenTestingKit.framework in Frameworks */,
				1FED2E7A15D25A5900867676 /* Cocoa.framework in Frameworks */,
			);
			runOnlyForDeploymentPostprocessing = 0;
		};
		8DD76F9B0486AA7600D96B5E /* Frameworks */ = {
			isa = PBXFrameworksBuildPhase;
			buildActionMask = 2147483647;
			files = (
				8DD76F9C0486AA7600D96B5E /* Foundation.framework in Frameworks */,
			);
			runOnlyForDeploymentPostprocessing = 0;
		};
/* End PBXFrameworksBuildPhase section */

/* Begin PBXGroup section */
		08FB7794FE84155DC02AAC07 /* DomainrWrapper */ = {
			isa = PBXGroup;
			children = (
				429A9C461213829A0076AA9A /* README */,
				08FB7795FE84155DC02AAC07 /* Source */,
				C6859EA2029092E104C91782 /* Documentation */,
				08FB779DFE84155DC02AAC07 /* External Frameworks and Libraries */,
				1FED2E7615D25A5900867676 /* Frameworks */,
				1AB674ADFE9D54B511CA2CBB /* Products */,
			);
			name = DomainrWrapper;
			sourceTree = "<group>";
		};
		08FB7795FE84155DC02AAC07 /* Source */ = {
			isa = PBXGroup;
			children = (
				D394D9BC121291B000B03D28 /* domainr */,
				32A70AAB03705E1F00C91783 /* Domainr_Prefix.pch */,
				08FB7796FE84155DC02AAC07 /* main.m */,
			);
			name = Source;
			sourceTree = "<group>";
		};
		08FB779DFE84155DC02AAC07 /* External Frameworks and Libraries */ = {
			isa = PBXGroup;
			children = (
				D3FE202512129D61002A59F7 /* JSON */,
				08FB779EFE84155DC02AAC07 /* Foundation.framework */,
			);
			name = "External Frameworks and Libraries";
			sourceTree = "<group>";
		};
		1AB674ADFE9D54B511CA2CBB /* Products */ = {
			isa = PBXGroup;
			children = (
				8DD76FA10486AA7600D96B5E /* Domainr */,
				1FED2E7515D25A5900867676 /* DomainrTests.octest */,
			);
			name = Products;
			sourceTree = "<group>";
		};
		1FED2E7615D25A5900867676 /* Frameworks */ = {
			isa = PBXGroup;
			children = (
				1FED2E7715D25A5900867676 /* SenTestingKit.framework */,
				1FED2E7915D25A5900867676 /* Cocoa.framework */,
				1FED2E7B15D25A5900867676 /* Other Frameworks */,
			);
			name = Frameworks;
			sourceTree = "<group>";
		};
		1FED2E7B15D25A5900867676 /* Other Frameworks */ = {
			isa = PBXGroup;
			children = (
				1FED2E7C15D25A5900867676 /* AppKit.framework */,
				1FED2E7D15D25A5900867676 /* CoreData.framework */,
				1FED2E7E15D25A5900867676 /* Foundation.framework */,
			);
			name = "Other Frameworks";
			sourceTree = "<group>";
		};
		C6859EA2029092E104C91782 /* Documentation */ = {
			isa = PBXGroup;
			children = (
			);
			name = Documentation;
			sourceTree = "<group>";
		};
		D394D9BC121291B000B03D28 /* domainr */ = {
			isa = PBXGroup;
			children = (
				1F4B7B3A15D2530B007D4BC1 /* Domainr.h */,
				1F4B7B3B15D2530B007D4BC1 /* Domainr.m */,
			);
			name = domainr;
			sourceTree = "<group>";
		};
		D3FE202512129D61002A59F7 /* JSON */ = {
			isa = PBXGroup;
			children = (
				D3FE202612129D61002A59F7 /* JSON.h */,
				D3FE202712129D61002A59F7 /* NSObject+SBJSON.h */,
				D3FE202812129D61002A59F7 /* NSObject+SBJSON.m */,
				D3FE202912129D61002A59F7 /* NSString+SBJSON.h */,
				D3FE202A12129D61002A59F7 /* NSString+SBJSON.m */,
				D3FE202B12129D61002A59F7 /* SBJsonBase.h */,
				D3FE202C12129D61002A59F7 /* SBJsonBase.m */,
				D3FE202D12129D61002A59F7 /* SBJsonParser.h */,
				D3FE202E12129D61002A59F7 /* SBJsonParser.m */,
				D3FE202F12129D61002A59F7 /* SBJsonWriter.h */,
				D3FE203012129D61002A59F7 /* SBJsonWriter.m */,
			);
			path = JSON;
			sourceTree = "<group>";
		};
/* End PBXGroup section */

/* Begin PBXNativeTarget section */
		1FED2E7415D25A5900867676 /* DomainrTests */ = {
			isa = PBXNativeTarget;
			buildConfigurationList = 1FED2E8B15D25A5900867676 /* Build configuration list for PBXNativeTarget "DomainrTests" */;
			buildPhases = (
				1FED2E7015D25A5900867676 /* Sources */,
				1FED2E7115D25A5900867676 /* Frameworks */,
				1FED2E7215D25A5900867676 /* Resources */,
				1FED2E7315D25A5900867676 /* ShellScript */,
			);
			buildRules = (
			);
			dependencies = (
			);
			name = DomainrTests;
			productName = DomainrTests;
			productReference = 1FED2E7515D25A5900867676 /* DomainrTests.octest */;
			productType = "com.apple.product-type.bundle";
		};
		8DD76F960486AA7600D96B5E /* Domainr */ = {
			isa = PBXNativeTarget;
			buildConfigurationList = 1DEB927408733DD40010E9CD /* Build configuration list for PBXNativeTarget "Domainr" */;
			buildPhases = (
				8DD76F990486AA7600D96B5E /* Sources */,
				8DD76F9B0486AA7600D96B5E /* Frameworks */,
				8DD76F9E0486AA7600D96B5E /* CopyFiles */,
			);
			buildRules = (
			);
			dependencies = (
			);
			name = Domainr;
			productInstallPath = "$(HOME)/bin";
			productName = DomainrWrapper;
			productReference = 8DD76FA10486AA7600D96B5E /* Domainr */;
			productType = "com.apple.product-type.tool";
		};
/* End PBXNativeTarget section */

/* Begin PBXProject section */
		08FB7793FE84155DC02AAC07 /* Project object */ = {
			isa = PBXProject;
			attributes = {
				LastUpgradeCheck = 0440;
			};
			buildConfigurationList = 1DEB927808733DD40010E9CD /* Build configuration list for PBXProject "Domainr" */;
			compatibilityVersion = "Xcode 3.2";
			developmentRegion = English;
			hasScannedForEncodings = 1;
			knownRegions = (
				English,
				Japanese,
				French,
				German,
				en,
			);
			mainGroup = 08FB7794FE84155DC02AAC07 /* DomainrWrapper */;
			projectDirPath = "";
			projectRoot = "";
			targets = (
				8DD76F960486AA7600D96B5E /* Domainr */,
				1FED2E7415D25A5900867676 /* DomainrTests */,
			);
		};
/* End PBXProject section */

/* Begin PBXResourcesBuildPhase section */
		1FED2E7215D25A5900867676 /* Resources */ = {
			isa = PBXResourcesBuildPhase;
			buildActionMask = 2147483647;
			files = (
			);
			runOnlyForDeploymentPostprocessing = 0;
		};
/* End PBXResourcesBuildPhase section */

/* Begin PBXShellScriptBuildPhase section */
		1FED2E7315D25A5900867676 /* ShellScript */ = {
			isa = PBXShellScriptBuildPhase;
			buildActionMask = 2147483647;
			files = (
			);
			inputPaths = (
			);
			outputPaths = (
			);
			runOnlyForDeploymentPostprocessing = 0;
			shellPath = /bin/sh;
			shellScript = "# Run the unit tests in this test bundle.\n\"${SYSTEM_DEVELOPER_DIR}/Tools/RunUnitTests\"\n";
		};
/* End PBXShellScriptBuildPhase section */

/* Begin PBXSourcesBuildPhase section */
		1FED2E7015D25A5900867676 /* Sources */ = {
			isa = PBXSourcesBuildPhase;
			buildActionMask = 2147483647;
			files = (
			);
			runOnlyForDeploymentPostprocessing = 0;
		};
		8DD76F990486AA7600D96B5E /* Sources */ = {
			isa = PBXSourcesBuildPhase;
			buildActionMask = 2147483647;
			files = (
				8DD76F9A0486AA7600D96B5E /* main.m in Sources */,
				D3FE203112129D61002A59F7 /* NSObject+SBJSON.m in Sources */,
				D3FE203212129D61002A59F7 /* NSString+SBJSON.m in Sources */,
				D3FE203312129D61002A59F7 /* SBJsonBase.m in Sources */,
				D3FE203412129D61002A59F7 /* SBJsonParser.m in Sources */,
				D3FE203512129D61002A59F7 /* SBJsonWriter.m in Sources */,
				1F4B7B3C15D2530B007D4BC1 /* Domainr.m in Sources */,
			);
			runOnlyForDeploymentPostprocessing = 0;
		};
/* End PBXSourcesBuildPhase section */

/* Begin XCBuildConfiguration section */
		1DEB927508733DD40010E9CD /* Debug */ = {
			isa = XCBuildConfiguration;
			buildSettings = {
				ALWAYS_SEARCH_USER_PATHS = NO;
				COPY_PHASE_STRIP = NO;
				GCC_DYNAMIC_NO_PIC = NO;
				GCC_MODEL_TUNING = G5;
				GCC_OPTIMIZATION_LEVEL = 0;
				GCC_PRECOMPILE_PREFIX_HEADER = YES;
				GCC_PREFIX_HEADER = Domainr_Prefix.pch;
				INSTALL_PATH = /usr/local/bin;
				PRODUCT_NAME = Domainr;
				SDKROOT = macosx;
			};
			name = Debug;
		};
		1DEB927608733DD40010E9CD /* Release */ = {
			isa = XCBuildConfiguration;
			buildSettings = {
				ALWAYS_SEARCH_USER_PATHS = NO;
				DEBUG_INFORMATION_FORMAT = "dwarf-with-dsym";
				GCC_MODEL_TUNING = G5;
				GCC_PRECOMPILE_PREFIX_HEADER = YES;
				GCC_PREFIX_HEADER = Domainr_Prefix.pch;
				INSTALL_PATH = /usr/local/bin;
				PRODUCT_NAME = Domainr;
				SDKROOT = macosx;
			};
			name = Release;
		};
		1DEB927908733DD40010E9CD /* Debug */ = {
			isa = XCBuildConfiguration;
			buildSettings = {
				ARCHS = "$(ARCHS_STANDARD_32_64_BIT)";
				COMBINE_HIDPI_IMAGES = YES;
				GCC_C_LANGUAGE_STANDARD = gnu99;
				GCC_OPTIMIZATION_LEVEL = 0;
				GCC_WARN_ABOUT_RETURN_TYPE = YES;
				GCC_WARN_UNUSED_VARIABLE = YES;
				ONLY_ACTIVE_ARCH = YES;
				SDKROOT = macosx;
			};
			name = Debug;
		};
		1DEB927A08733DD40010E9CD /* Release */ = {
			isa = XCBuildConfiguration;
			buildSettings = {
				ARCHS = "$(ARCHS_STANDARD_32_64_BIT)";
				COMBINE_HIDPI_IMAGES = YES;
				GCC_C_LANGUAGE_STANDARD = gnu99;
				GCC_WARN_ABOUT_RETURN_TYPE = YES;
				GCC_WARN_UNUSED_VARIABLE = YES;
				SDKROOT = macosx;
			};
			name = Release;
		};
		1FED2E8915D25A5900867676 /* Debug */ = {
			isa = XCBuildConfiguration;
			buildSettings = {
				ALWAYS_SEARCH_USER_PATHS = NO;
				ARCHS = "$(ARCHS_STANDARD_64_BIT)";
				CLANG_ENABLE_OBJC_ARC = YES;
				CLANG_WARN__DUPLICATE_METHOD_MATCH = YES;
				COPY_PHASE_STRIP = NO;
				FRAMEWORK_SEARCH_PATHS = "\"$(DEVELOPER_LIBRARY_DIR)/Frameworks\"";
				GCC_DYNAMIC_NO_PIC = NO;
				GCC_ENABLE_OBJC_EXCEPTIONS = YES;
				GCC_PRECOMPILE_PREFIX_HEADER = YES;
				GCC_PREFIX_HEADER = "DomainrTests/DomainrTests-Prefix.pch";
				GCC_PREPROCESSOR_DEFINITIONS = (
					"DEBUG=1",
					"$(inherited)",
				);
				GCC_SYMBOLS_PRIVATE_EXTERN = NO;
				GCC_VERSION = com.apple.compilers.llvm.clang.1_0;
				GCC_WARN_64_TO_32_BIT_CONVERSION = YES;
				GCC_WARN_UNINITIALIZED_AUTOS = YES;
				INFOPLIST_FILE = "DomainrTests/DomainrTests-Info.plist";
				MACOSX_DEPLOYMENT_TARGET = 10.8;
				PRODUCT_NAME = "$(TARGET_NAME)";
				WRAPPER_EXTENSION = octest;
			};
			name = Debug;
		};
		1FED2E8A15D25A5900867676 /* Release */ = {
			isa = XCBuildConfiguration;
			buildSettings = {
				ALWAYS_SEARCH_USER_PATHS = NO;
				ARCHS = "$(ARCHS_STANDARD_64_BIT)";
				CLANG_ENABLE_OBJC_ARC = YES;
				CLANG_WARN__DUPLICATE_METHOD_MATCH = YES;
				COPY_PHASE_STRIP = YES;
				DEBUG_INFORMATION_FORMAT = "dwarf-with-dsym";
				FRAMEWORK_SEARCH_PATHS = "\"$(DEVELOPER_LIBRARY_DIR)/Frameworks\"";
				GCC_ENABLE_OBJC_EXCEPTIONS = YES;
				GCC_PRECOMPILE_PREFIX_HEADER = YES;
				GCC_PREFIX_HEADER = "DomainrTests/DomainrTests-Prefix.pch";
				GCC_VERSION = com.apple.compilers.llvm.clang.1_0;
				GCC_WARN_64_TO_32_BIT_CONVERSION = YES;
				GCC_WARN_UNINITIALIZED_AUTOS = YES;
				INFOPLIST_FILE = "DomainrTests/DomainrTests-Info.plist";
				MACOSX_DEPLOYMENT_TARGET = 10.8;
				PRODUCT_NAME = "$(TARGET_NAME)";
				WRAPPER_EXTENSION = octest;
			};
			name = Release;
		};
/* End XCBuildConfiguration section */

/* Begin XCConfigurationList section */
		1DEB927408733DD40010E9CD /* Build configuration list for PBXNativeTarget "Domainr" */ = {
			isa = XCConfigurationList;
			buildConfigurations = (
				1DEB927508733DD40010E9CD /* Debug */,
				1DEB927608733DD40010E9CD /* Release */,
			);
			defaultConfigurationIsVisible = 0;
			defaultConfigurationName = Release;
		};
		1DEB927808733DD40010E9CD /* Build configuration list for PBXProject "Domainr" */ = {
			isa = XCConfigurationList;
			buildConfigurations = (
				1DEB927908733DD40010E9CD /* Debug */,
				1DEB927A08733DD40010E9CD /* Release */,
			);
			defaultConfigurationIsVisible = 0;
			defaultConfigurationName = Release;
		};
		1FED2E8B15D25A5900867676 /* Build configuration list for PBXNativeTarget "DomainrTests" */ = {
			isa = XCConfigurationList;
			buildConfigurations = (
				1FED2E8915D25A5900867676 /* Debug */,
				1FED2E8A15D25A5900867676 /* Release */,
			);
			defaultConfigurationIsVisible = 0;
		};
/* End XCConfigurationList section */
	};
	rootObject = 08FB7793FE84155DC02AAC07 /* Project object */;
}
